cloud.google.com/go v0.26.0/go.mod h1:aQUYkXzVsufM+DwF1aE+0xfcU+56JwCaLick0ClmMTw=
github.com/apex/log v1.0.0 h1:5UWeZC54mWVtOGSCjtuvDPgY/o0QxmjQgvYZ27pLVGQ=
github.com/apex/log v1.0.0/go.mod h1:yA770aXIDQrhVOIGurT/pVdfCpSq1GQV/auzMN5fzvY=
github.com/client9/misspell v0.3.4/go.mod h1:qj6jICC3Q7zFZvVWo7KLAzC3yx5G7kyvSDkc90ppPyw=
github.com/davecgh/go-spew v1.1.0 h1:ZDRjVQ15GmhC3fiQ8ni8+OwkZQO4DARzQgrnXU1Liz8=
github.com/davecgh/go-spew v1.1.0/go.mod h1:J7Y8YcW2NihsgmVo/mv3lAwl/skON4iLHjSsI+c5H38=
github.com/envoyproxy/go-control-plane v0.5.0 h1:sXNEwucP7EkLn00DBvEJRXrRs5sQyZW45LzBR2AhYxs=
github.com/envoyproxy/go-control-plane v0.5.0/go.mod h1:SBwIajubJHhxtWwsL9s8ss4safvEdbitLhGGK48rN6g=
github.com/gogo/googleapis v1.1.0 h1:kFkMAZBNAn4j7K0GiZr8cRYzejq68VbheufiV3YuyFI=
github.com/gogo/googleapis v1.1.0/go.mod h1:gf4bu3Q80BeJ6H1S1vYPm8/ELATdvryBaNFGgqEef3s=
github.com/gogo/protobuf v1.1.1 h1:72R+M5VuhED/KujmZVcIquuo8mBgX4oVda//DQb3PXo=
github.com/gogo/protobuf v1.1.1/go.mod h1:r8qH/GZQm5c6nD/R0oafs1akxWv10x8SbQlK7atdtwQ=
github.com/golang/glog v0.0.0-20160126235308-23def4e6c14b/go.mod h1:SBH7ygxi8pfUlaOkMMuAQtPIUF8ecWP5IEl/CR7VP2Q=
github.com/golang/lint v0.0.0-20180702182130-06c8688daad7/go.mod h1:tluoj9z5200jBnyusfRPU2LqT6J+DAorxEvtC7LHB+E=
github.com/golang/mock v1.1.1/go.mod h1:oTYuIxOrZwtPieC+H1uAHpcLFnEyAGVDL/k47Jfbm0A=
github.com/golang/protobuf v1.2.0 h1:P3YflyNX/ehuJFLhxviNdFxQPkGK5cDcApsge1SqnvM=
github.com/golang/protobuf v1.2.0/go.mod h1:6lQm79b+lXiMfvg/cZm0SGofjICqVBUtrP5yJMmIC1U=
github.com/google/go-cmp v0.2.0/go.mod h1:oXzfMopK8JAjlY9xF4vHSVASa0yLyX7SntLO5aqRK0M=
github.com/kisielk/gotool v1.0.0/go.mod h1:XhKaO+MFFWcvkIS/tQcRk01m1F5IRFswLeQ+oQHNcck=
github.com/lyft/protoc-gen-validate v0.0.6 h1:4YInPV0jraTH7uUZl/xq5m9nhckBdUSAl9HlFgq1HPA=
github.com/lyft/protoc-gen-validate v0.0.6/go.mod h1:XbGvPuh87YZc5TdIa2/I4pLk0QoUACkjt2znoq26NVQ=
github.com/magiconair/properties v1.8.0 h1:LLgXmsheXeRoUOBOjtwPQCWIYqM/LU1ayDtDePerRcY=
github.com/magiconair/properties v1.8.0/go.mod h1:PppfXfuXeibc/6YijjN8zIbojt8czPbwD3XqdrwzmxQ=
github.com/mdlayher/genetlink v0.0.0-20180728170340-ca85b5a30744/go.mod h1:EOrmeik1bDMaRduo2B+uAYe1HmTq6yF2IMDmJi1GoWk=
github.com/mdlayher/genetlink v0.0.0-20180917171408-7615bc153978 h1:tC5iKGVD0TDZhKsBarp21Qox0Czip4m4i8kxfiqmqgY=
github.com/mdlayher/genetlink v0.0.0-20180917171408-7615bc153978/go.mod h1:EOrmeik1bDMaRduo2B+uAYe1HmTq6yF2IMDmJi1GoWk=
github.com/mdlayher/netlink v0.0.0-20180810152804-80a6f93efd37/go.mod h1:a3TlQHkJH2m32RF224Z7LhD5N4mpyR8eUbCoYHywrwg=
github.com/mdlayher/netlink v0.0.0-20180920202405-794849f2d5bf h1:lYA2LopQshi99ahuhhIyfvWRC9IzHRtC9Bk1OSP436w=
github.com/mdlayher/netlink v0.0.0-20180920202405-794849f2d5bf/go.mod h1:a3TlQHkJH2m32RF224Z7LhD5N4mpyR8eUbCoYHywrwg=
github.com/mdlayher/taskstats v0.0.0-20180815144054-2addfb90f494/go.mod h1:MnJpzX3tKwNHx1lNjupG9azS8ji8YeSyuZzJX+ZaJ9o=
github.com/pkg/errors v0.8.0 h1:WdK/asTD0HN+q6hsWO3/vpuAkAr+tw6aNJNDFFf0+qw=
github.com/pkg/errors v0.8.0/go.mod h1:bwawxfHBFNV+L2hUp1rHADufV3IMtnDRdf1r5NINEl0=
github.com/pmezard/go-difflib v1.0.0 h1:4DBwDE0NGyQoBHbLQYPwSUPoCMWR5BEzIk/f1lZbAQM=
github.com/pmezard/go-difflib v1.0.0/go.mod h1:iKH77koFhYxTK1pcRnkKkqfTogsbg7gZNVY4sRDYZ/4=
github.com/segmentio/conf v1.0.0 h1:oRF4BtoJbI/+I7fUngYMnMcKFbjqVUFi8hv4Pp0l88w=
github.com/segmentio/conf v1.0.0/go.mod h1:y0VyxYAlU2slxCjm7XX7tGKFlN39bwHCZrbOpCcLsr8=
github.com/segmentio/consul-go v1.0.0 h1:fWwc+XomAbM01N3DLo1ZG86Rhp9jdm85SxPd/wgqnlU=
github.com/segmentio/consul-go v1.0.0/go.mod h1:GWqKnaNTz1/4Bmvnrw6iGv2eAmLgQf6bSasrCHopKL0=
github.com/segmentio/errors-go v1.0.0 h1:B4mbo4hP3+XffV1GhwyAcHlvWoZtYdTyc3BOVPxspTQ=
github.com/segmentio/errors-go v1.0.0/go.mod h1:RDVEREUrpa4/jM8rt5KsQpu+JoXPi6i07vG7m4tX0MY=
github.com/segmentio/events v0.0.0-20180910023553-a3cc374e8b73 h1:0vMFamyYH/PIYDQHtjFV+uDL0/j1A3+90/d+MytM2ZQ=
github.com/segmentio/events v0.0.0-20180910023553-a3cc374e8b73/go.mod h1:JAZRiF/XVcxMrOv+J6xvnyEQbUsJNq9weNDN8pYLpXc=
github.com/segmentio/fasthash v0.0.0-20180216231524-a72b379d632e/go.mod h1:tm/wZFQ8e24NYaBGIlnO2WGCAi67re4HHuOm0sftE/M=
github.com/segmentio/go-snakecase v1.0.0 h1:FSeHpP0sBL3O+MCpxvQZrS5a51WAki6gposZuwVE9L4=
github.com/segmentio/go-snakecase v1.0.0/go.mod h1:jk1miR5MS7Na32PZUykG89Arm+1BUSYhuGR6b7+hJto=
github.com/segmentio/objconv v0.0.0-20180216231955-8998c9cea5fb/go.mod h1:l6IU9rGW/wpM+MUyfJLDCoJ+XXAv6wbpkqej46ESQ6g=
github.com/segmentio/objconv v1.0.0/go.mod h1:l6IU9rGW/wpM+MUyfJLDCoJ+XXAv6wbpkqej46ESQ6g=
github.com/segmentio/objconv v1.0.1 h1:QjfLzwriJj40JibCV3MGSEiAoXixbp4ybhwfTB8RXOM=
github.com/segmentio/objconv v1.0.1/go.mod h1:auayaH5k3137Cl4SoXTgrzQcuQDmvuVtZgS0fb1Ahys=
github.com/segmentio/stats v0.0.0-20180910023949-03436e32c942 h1:Fssdk2smdIycFsjWMmbLd3CkA3ANzxekMUEsRmajP9o=
github.com/segmentio/stats v0.0.0-20180910023949-03436e32c942/go.mod h1:sRxY5Jg5epV9lT3Fm0bfRkTbB5Jn1xkpNmANPowDUvw=
github.com/segmentio/taskstats v0.0.0-20180727163836-237d1d6b109d/go.mod h1:RRsP8O2UBzJhn2Et6+04bTn263Lf71PLEN13YcehPF0=
github.com/segmentio/taskstats v0.0.0-20180810220338-a98a7e99006d h1:h0ivoQvLx1o3Ou/z2CgboTCye3q4T8AqTJKKMvr2pJY=
github.com/segmentio/taskstats v0.0.0-20180810220338-a98a7e99006d/go.mod h1:RRsP8O2UBzJhn2Et6+04bTn263Lf71PLEN13YcehPF0=
github.com/stretchr/objx v0.1.0/go.mod h1:HFkY916IF+rwdDfMAkV7OtwuqBVzrE8GR6GFx+wExME=
github.com/stretchr/testify v1.3.0 h1:TivCn/peBQ7UY8ooIcPgZFpTNSz0Q2U6UrFlUfqbe0Q=
github.com/stretchr/testify v1.3.0/go.mod h1:M5WIy9Dh21IEIfnGCwXGc5bZfKNJtfHm1UVUgZn+9EI=
golang.org/x/lint v0.0.0-20180702182130-06c8688daad7/go.mod h1:UVdnD1Gm6xHRNCYTkRU2/jEulfH38KcIWyp/GAMgvoE=
golang.org/x/net v0.0.0-20180808004115-f9ce57c11b24/go.mod h1:mL1N/T3taQHkDXs73rZJwtUhF3w3ftmwwsq0BUmARs4=
golang.org/x/net v0.0.0-20180826012351-8a410e7b638d/go.mod h1:mL1N/T3taQHkDXs73rZJwtUhF3w3ftmwwsq0BUmARs4=
golang.org/x/net v0.0.0-20180921000356-2f5d2388922f h1:QM2QVxvDoW9PFSPp/zy9FgxJLfaWTZlS61KEPtBwacM=
golang.org/x/net v0.0.0-20180921000356-2f5d2388922f/go.mod h1:mL1N/T3taQHkDXs73rZJwtUhF3w3ftmwwsq0BUmARs4=
golang.org/x/oauth2 v0.0.0-20180821212333-d2e6202438be/go.mod h1:N/0e6XlmueqKjAGxoOufVs8QHGRruUQn6yWY3a++T0U=
golang.org/x/sync v0.0.0-20180314180146-1d60e4601c6f/go.mod h1:RxMgew5VJxzue5/jJTE5uejpjVlOe/izrB70Jof72aM=
golang.org/x/sys v0.0.0-20180810173357-98c5dad5d1a0/go.mod h1:STP8DvDyc/dI5b8T5hshtkjS+E42TnysNCUPdjciGhY=
golang.org/x/sys v0.0.0-20180830151530-49385e6e1522/go.mod h1:STP8DvDyc/dI5b8T5hshtkjS+E42TnysNCUPdjciGhY=
golang.org/x/sys v0.0.0-20180924175946-90868a75fefd h1:ELJRxcWg6//yYBDjuf/SnMg1+X0jj5+BP5xXF31wl4w=
golang.org/x/sys v0.0.0-20180924175946-90868a75fefd/go.mod h1:STP8DvDyc/dI5b8T5hshtkjS+E42TnysNCUPdjciGhY=
golang.org/x/text v0.3.0 h1:g61tztE5qeGQ89tm6NTjjM9VPIm088od1l6aSorWRWg=
golang.org/x/text v0.3.0/go.mod h1:NqM8EUOU14njkJ3fqMW+pc6Ldnwhi/IjpwHt7yyuwOQ=
golang.org/x/tools v0.0.0-20180828015842-6cd1fcedba52/go.mod h1:n7NCudcB/nEzxVGmLbDWY5pfWTLqBcC2KZ6jyYvM4mQ=
google.golang.org/appengine v1.1.0/go.mod h1:EbEs0AVv82hx2wNQdGPgUI5lhzA/G0D9YwlJXL52JkM=
google.golang.org/genproto v0.0.0-20180817151627-c66870c02cf8/go.mod h1:JiN7NxoALGmiZfu7CAH4rXhgtRTLTxftemlI0sWmxmc=
google.golang.org/genproto v0.0.0-20180924164928-221a8d4f7494 h1:WIJ3k0fGJRrCVzZTuGmcBnUzWeSDpWiP+jUOxWkA8bo=
google.golang.org/genproto v0.0.0-20180924164928-221a8d4f7494/go.mod h1:JiN7NxoALGmiZfu7CAH4rXhgtRTLTxftemlI0sWmxmc=
google.golang.org/grpc v1.15.0 h1:Az/KuahOM4NAidTEuJCv/RonAA7rYsTPkqXVjr+8OOw=
google.golang.org/grpc v1.15.0/go.mod h1:0JHn/cJsOMiMfNA9+DeHDlAU7KAAB5GDlYFpa9MZMio=
gopkg.in/check.v1 v0.0.0-20161208181325-20d25e280405/go.mod h1:Co6ibVJAznAaIkqp8huTwlJQCZ016jof/cbN4VW5Yz0=
gopkg.in/go-playground/mold.v2 v2.2.0 h1:Y4IYB4/HYQfuq43zaKh6vs9cVelLE9qbqe2fkyfCTWQ=
gopkg.in/go-playground/mold.v2 v2.2.0/go.mod h1:XMyyRsGtakkDPbxXbrA5VODo6bUXyvoDjLd5l3T0XoA=
gopkg.in/validator.v2 v2.0.0-20180514200540-135c24b11c19 h1:WB265cn5OpO+hK3pikC9hpP1zI/KTwmyMFKloW9eOVc=
gopkg.in/validator.v2 v2.0.0-20180514200540-135c24b11c19/go.mod h1:o4V0GXN9/CAmCsvJ0oXYZvrZOe7syiDZSN1GWGZTGzc=
gopkg.in/yaml.v2 v2.2.1 h1:mUhvW9EsL+naU5Q3cakzfE91YhliOondGd6ZrsDBHQE=
gopkg.in/yaml.v2 v2.2.1/go.mod h1:hI93XBmqTisBFMUTm0b8Fm+jr3Dg1NNxqwp+5A1VGuI=
honnef.co/go/tools v0.0.0-20180728063816-88497007e858/go.mod h1:rf3lG4BRIbNafJWhAfAdb/ePZxsR/4RtNHQocxwk9r4=
