# This file is autogenerated, do not edit; changes may be undone by the next 'dep ensure'.


[[projects]]
  name = "github.com/apex/log"
  packages = ["."]
  revision = "0296d6eb16bb28f8a0c55668affcf4876dc269be"
  version = "v1.0.0"

[[projects]]
  name = "github.com/envoyproxy/go-control-plane"
  packages = ["envoy/api/v2","envoy/api/v2/auth","envoy/api/v2/cluster","envoy/api/v2/core","envoy/api/v2/endpoint","envoy/api/v2/listener","envoy/api/v2/route","envoy/type"]
  revision = "676016db8193d83324a507a986a78cd3642ad713"
  version = "v0.5.0"

[[projects]]
  name = "github.com/gogo/googleapis"
  packages = ["google/api","google/rpc"]
  revision = "8558fb44d2f1fc223118afc694129d2c2d2924d1"
  version = "v1.1.0"

[[projects]]
  name = "github.com/gogo/protobuf"
  packages = ["gogoproto","proto","protoc-gen-gogo/descriptor","sortkeys","types"]
  revision = "636bf0302bc95575d69441b25a2603156ffdddf1"
  version = "v1.1.1"

[[projects]]
  name = "github.com/golang/protobuf"
  packages = ["proto","protoc-gen-go/descriptor","ptypes","ptypes/any","ptypes/duration","ptypes/timestamp"]
  revision = "aa810b61a9c79d51363740d207bb46cf8e620ed5"
  version = "v1.2.0"

[[projects]]
  name = "github.com/lyft/protoc-gen-validate"
  packages = ["validate"]
  revision = "930a67cf7ba41b9d9436ad7a1be70a5d5ff6e1fc"
  version = "v0.0.6"

[[projects]]
  name = "github.com/magiconair/properties"
  packages = ["assert"]
  revision = "c2353362d570a7bfa228149c62842019201cfb71"
  version = "v1.8.0"

[[projects]]
  name = "github.com/pkg/errors"
  packages = ["."]
  revision = "645ef00459ed84a119197bfb8d8205042c6df63d"
  version = "v0.8.0"

[[projects]]
  name = "github.com/segmentio/conf"
  packages = ["."]
  revision = "a2a7fb2aaa3c99893d06150d50195c0be197f5d5"
  version = "1.0.0"

[[projects]]
  name = "github.com/segmentio/consul-go"
  packages = ["."]
  revision = "30d8048bf24c88c8b1e3bb038ea74f0af7c3f74c"
  version = "v1.0.0"

[[projects]]
  name = "github.com/segmentio/events"
  packages = ["."]
  revision = "a3cc374e8b73e270c0bcd6e4eac70ee951ff8e40"
  version = "v2.1.1"

[[projects]]
  name = "github.com/segmentio/go-snakecase"
  packages = ["."]
  revision = "3ecf343f213326f182b8477c337a2be66c9205b0"
  version = "v1.0.0"

[[projects]]
  name = "github.com/segmentio/objconv"
  packages = [".","adapters","adapters/net","adapters/net/mail","adapters/net/url","json","objutil","yaml"]
  revision = "7a1d7b8e6f3551b30751e6b2ea6bae500883870e"
  version = "v1.0.1"

[[projects]]
  branch = "master"
  name = "golang.org/x/net"
  packages = ["context","http/httpguts","http2","http2/hpack","idna","internal/timeseries","trace"]
  revision = "2f5d2388922f370f4355f327fcf4cfe9f5583908"

[[projects]]
  branch = "master"
  name = "golang.org/x/sys"
  packages = ["unix"]
  revision = "90868a75fefd03942536221d7c0e2f84ec62a668"

[[projects]]
  name = "golang.org/x/text"
  packages = ["collate","collate/build","internal/colltab","internal/gen","internal/tag","internal/triegen","internal/ucd","language","secure/bidirule","transform","unicode/bidi","unicode/cldr","unicode/norm","unicode/rangetable"]
  revision = "f21a4dfb5e38f5895301dc265a8def02365cc3d0"
  version = "v0.3.0"

[[projects]]
  branch = "master"
  name = "google.golang.org/genproto"
  packages = ["googleapis/rpc/status"]
  revision = "221a8d4f74948678f06caaa13c9d41d22e069ae8"

[[projects]]
  name = "google.golang.org/grpc"
  packages = [".","balancer","balancer/base","balancer/roundrobin","codes","connectivity","credentials","encoding","encoding/proto","grpclog","internal","internal/backoff","internal/channelz","internal/envconfig","internal/grpcrand","internal/transport","keepalive","metadata","naming","peer","resolver","resolver/dns","resolver/passthrough","stats","status","tap"]
  revision = "8dea3dc473e90c8179e519d91302d0597c0ca1d1"
  version = "v1.15.0"

[[projects]]
  name = "gopkg.in/go-playground/mold.v2"
  packages = [".","modifiers"]
  revision = "6bc20ce40733e8e04c2fda4523a957dd8e198948"
  version = "v2.2.0"

[[projects]]
  branch = "v2"
  name = "gopkg.in/validator.v2"
  packages = ["."]
  revision = "135c24b11c19e52befcae2ec3fca5d9b78c4e98e"

[[projects]]
  name = "gopkg.in/yaml.v2"
  packages = ["."]
  revision = "5420a8b6744d3b0345ab293f6fcba19c978f1183"
  version = "v2.2.1"

[solve-meta]
  analyzer-name = "dep"
  analyzer-version = 1
  inputs-digest = "14b232c9e4f502ff62514dde9464a109ac6832b23d15c7a6245daaa4b869946d"
  solver-name = "gps-cdcl"
  solver-version = 1
